
Microsoft Visual Studio Solution File, Format Version 12.00
# Visual Studio Version 17
VisualStudioVersion = 17.13.35825.156 d17.13
MinimumVisualStudioVersion = 10.0.40219.1
Project("{FAE04EC0-301F-11D3-BF4B-00C04F79EFBC}") = "WebApplication", "WebApplication.csproj", "{2EC910EF-889C-4F68-8E5C-445EC716EC66}"
EndProject
Global
	GlobalSection(SolutionConfigurationPlatforms) = preSolution
		Debug|Any CPU = Debug|Any CPU
		Release|Any CPU = Release|Any CPU
	EndGlobalSection
	GlobalSection(ProjectConfigurationPlatforms) = postSolution
		{2EC910EF-889C-4F68-8E5C-445EC716EC66}.Debug|Any CPU.ActiveCfg = Debug|Any CPU
		{2EC910EF-889C-4F68-8E5C-445EC716EC66}.Debug|Any CPU.Build.0 = Debug|Any CPU
		{2EC910EF-889C-4F68-8E5C-445EC716EC66}.Release|Any CPU.ActiveCfg = Release|Any CPU
		{2EC910EF-889C-4F68-8E5C-445EC716EC66}.Release|Any CPU.Build.0 = Release|Any CPU
	EndGlobalSection
	GlobalSection(SolutionProperties) = preSolution
		HideSolutionNode = FALSE
	EndGlobalSection
	GlobalSection(ExtensibilityGlobals) = postSolution
		SolutionGuid = {F58391AD-6F66-4E43-993A-AEF67BBE7E2A}
	EndGlobalSection
EndGlobal
